// !$*UTF8*$!
{
	archiveVersion = 1;
	classes = {
	};
	objectVersion = 46;
	objects = {

/* Begin PBXBuildFile section */
		58911D87180BB1F9002AD357 /* UIKit.framework in Frameworks */ = {isa = PBXBuildFile; fileRef = 58911D86180BB1F9002AD357 /* UIKit.framework */; };
		58911D89180BB1F9002AD357 /* Foundation.framework in Frameworks */ = {isa = PBXBuildFile; fileRef = 58911D88180BB1F9002AD357 /* Foundation.framework */; };
		58911D8B180BB1F9002AD357 /* CoreGraphics.framework in Frameworks */ = {isa = PBXBuildFile; fileRef = 58911D8A180BB1F9002AD357 /* CoreGraphics.framework */; };
		58911D91180BB1F9002AD357 /* InfoPlist.strings in Resources */ = {isa = PBXBuildFile; fileRef = 58911D8F180BB1F9002AD357 /* InfoPlist.strings */; };
		58911D93180BB1F9002AD357 /* main.m in Sources */ = {isa = PBXBuildFile; fileRef = 58911D92180BB1F9002AD357 /* main.m */; };
		58911D97180BB1F9002AD357 /* xyzAppDelegate.m in Sources */ = {isa = PBXBuildFile; fileRef = 58911D96180BB1F9002AD357 /* xyzAppDelegate.m */; };
/* End PBXBuildFile section */

/* Begin PBXFileReference section */
		58911D82180BB1F9002AD357 /* ToDoList.app */ = {isa = PBXFileReference; explicitFileType = wrapper.application; includeInIndex = 0; path = ToDoList.app; sourceTree = BUILT_PRODUCTS_DIR; };
		58911D86180BB1F9002AD357 /* UIKit.framework */ = {isa = PBXFileReference; lastKnownFileType = wrapper.framework; name = UIKit.framework; path = System/Library/Frameworks/UIKit.framework; sourceTree = SDKROOT; };
		58911D88180BB1F9002AD357 /* Foundation.framework */ = {isa = PBXFileReference; lastKnownFileType = wrapper.framework; name = Foundation.framework; path = System/Library/Frameworks/Foundation.framework; sourceTree = SDKROOT; };
		58911D8A180BB1F9002AD357 /* CoreGraphics.framework */ = {isa = PBXFileReference; lastKnownFileType = wrapper.framework; name = CoreGraphics.framework; path = System/Library/Frameworks/CoreGraphics.framework; sourceTree = SDKROOT; };
		58911D8E180BB1F9002AD357 /* ToDoList-Info.plist */ = {isa = PBXFileReference; path = "ToDoList-Info.plist"; sourceTree = "<group>"; };
		58911D90180BB1F9002AD357 /* en */ = {isa = PBXFileReference; lastKnownFileType = text.plist.strings; name = en; path = en.lproj/InfoPlist.strings; sourceTree = "<group>"; };
		58911D92180BB1F9002AD357 /* main.m */ = {isa = PBXFileReference; lastKnownFileType = sourcecode.c.objc; path = main.m; sourceTree = "<group>"; };
		58911D94180BB1F9002AD357 /* ToDoList-Prefix.pch */ = {isa = PBXFileReference; path = "ToDoList-Prefix.pch"; sourceTree = "<group>"; };
		58911D95180BB1F9002AD357 /* xyzAppDelegate.h */ = {isa = PBXFileReference; path = xyzAppDelegate.h; sourceTree = "<group>"; };
		58911D96180BB1F9002AD357 /* xyzAppDelegate.m */ = {isa = PBXFileReference; lastKnownFileType = sourcecode.c.objc; path = xyzAppDelegate.m; sourceTree = "<group>"; };
/* End PBXFileReference section */

/* Begin PBXFrameworksBuildPhase section */
		58911D7F180BB1F9002AD357 /* Frameworks */ = {
			isa = PBXFrameworksBuildPhase;
			buildActionMask = 2147483647;
			files = (
				58911D87180BB1F9002AD357 /* UIKit.framework in Frameworks */,
				58911D89180BB1F9002AD357 /* Foundation.framework in Frameworks */,
				58911D8B180BB1F9002AD357 /* CoreGraphics.framework in Frameworks */,
			);
			runOnlyForDeploymentPostprocessing = 0;
		};
/* End PBXFrameworksBuildPhase section */

/* Begin PBXGroup section */
		58911D77180BB1F9002AD357 = {
			isa = PBXGroup;
			children = (
				58911D8C180BB1F9002AD357 /* ToDoList */,
				58911D85180BB1F9002AD357 /* Frameworks */,
				58911D83180BB1F9002AD357 /* Products */,
			);
			sourceTree = "<group>";
		};
		58911D83180BB1F9002AD357 /* Products */ = {
			isa = PBXGroup;
			children = (
				58911D82180BB1F9002AD357 /* ToDoList.app */,
			);
			name = Products;
			sourceTree = "<group>";
		};
		58911D85180BB1F9002AD357 /* Frameworks */ = {
			isa = PBXGroup;
			children = (
				58911D86180BB1F9002AD357 /* UIKit.framework */,
				58911D88180BB1F9002AD357 /* Foundation.framework */,
				58911D8A180BB1F9002AD357 /* CoreGraphics.framework */,
			);
			name = Frameworks;
			sourceTree = "<group>";
		};
		58911D8C180BB1F9002AD357 /* ToDoList */ = {
			isa = PBXGroup;
			children = (
				58911D95180BB1F9002AD357 /* xyzAppDelegate.h */,
				58911D96180BB1F9002AD357 /* xyzAppDelegate.m */,
				58911D8D180BB1F9002AD357 /* Supporting Files */,
			);
			path = ToDoList;
			sourceTree = "<group>";
		};
		58911D8D180BB1F9002AD357 /* Supporting Files */ = {
			isa = PBXGroup;
			children = (
				58911D8E180BB1F9002AD357 /* ToDoList-Info.plist */,
				58911D8F180BB1F9002AD357 /* InfoPlist.strings */,
				58911D92180BB1F9002AD357 /* main.m */,
				58911D94180BB1F9002AD357 /* ToDoList-Prefix.pch */,
			);
			name = "Supporting Files";
			sourceTree = "<group>";
		};
/* End PBXGroup section */

/* Begin PBXNativeTarget section */
		58911D81180BB1F9002AD357 /* ToDoList */ = {
			isa = PBXNativeTarget;
			buildConfigurationList = 58911D9A180BB1F9002AD357 /* Build configuration list for PBXNativeTarget "ToDoList" */;
			buildPhases = (
				58911D7E180BB1F9002AD357 /* Sources */,
				58911D7F180BB1F9002AD357 /* Frameworks */,
				58911D80180BB1F9002AD357 /* Resources */,
			);
			buildRules = (
			);
			dependencies = (
			);
			name = ToDoList;
			productName = ToDoList;
			productReference = 58911D82180BB1F9002AD357 /* ToDoList.app */;
			productType = "com.apple.product-type.application";
		};
/* End PBXNativeTarget section */

/* Begin PBXProject section */
		58911D79180BB1F9002AD357 /* Project object */ = {
			isa = PBXProject;
			attributes = {
				CLASSPREFIX = xyz;
				LastUpgradeCheck = 0430;
			};
			buildConfigurationList = 58911D7C180BB1F9002AD357 /* Build configuration list for PBXProject "ToDoList" */;
			compatibilityVersion = "Xcode 3.2";
			developmentRegion = English;
			hasScannedForEncodings = 0;
			knownRegions = (
				en,
			);
			mainGroup = 58911D77180BB1F9002AD357;
			productRefGroup = 58911D83180BB1F9002AD357 /* Products */;
			projectDirPath = "";
			projectRoot = "";
			targets = (
				58911D81180BB1F9002AD357 /* ToDoList */,
			);
		};
/* End PBXProject section */

/* Begin PBXResourcesBuildPhase section */
		58911D80180BB1F9002AD357 /* Resources */ = {
			isa = PBXResourcesBuildPhase;
			buildActionMask = 2147483647;
			files = (
				58911D91180BB1F9002AD357 /* InfoPlist.strings in Resources */,
			);
			runOnlyForDeploymentPostprocessing = 0;
		};
/* End PBXResourcesBuildPhase section */

/* Begin PBXSourcesBuildPhase section */
		58911D7E180BB1F9002AD357 /* Sources */ = {
			isa = PBXSourcesBuildPhase;
			buildActionMask = 2147483647;
			files = (
				58911D93180BB1F9002AD357 /* main.m in Sources */,
				58911D97180BB1F9002AD357 /* xyzAppDelegate.m in Sources */,
			);
			runOnlyForDeploymentPostprocessing = 0;
		};
/* End PBXSourcesBuildPhase section */

/* Begin PBXVariantGroup section */
		58911D8F180BB1F9002AD357 /* InfoPlist.strings */ = {
			isa = PBXVariantGroup;
			children = (
				58911D90180BB1F9002AD357 /* en */,
			);
			name = InfoPlist.strings;
			sourceTree = "<group>";
		};
/* End PBXVariantGroup section */

/* Begin XCBuildConfiguration section */
		58911D98180BB1F9002AD357 /* Debug */ = {
			isa = XCBuildConfiguration;
			buildSettings = {
				ALWAYS_SEARCH_USER_PATHS = NO;
				ARCHS = "$(ARCHS_STANDARD_32_BIT)";
				"CODE_SIGN_IDENTITY[sdk=iphoneos*]" = "iPhone Developer";
				COPY_PHASE_STRIP = NO;
				GCC_C_LANGUAGE_STANDARD = gnu99;
				GCC_DYNAMIC_NO_PIC = NO;
				GCC_OPTIMIZATION_LEVEL = 0;
				GCC_PREPROCESSOR_DEFINITIONS = (
					"DEBUG=1",
					"$(inherited)",
				);
				GCC_SYMBOLS_PRIVATE_EXTERN = NO;
				GCC_VERSION = com.apple.compilers.llvm.clang.1_0;
				GCC_WARN_ABOUT_RETURN_TYPE = YES;
				GCC_WARN_UNINITIALIZED_AUTOS = YES;
				GCC_WARN_UNUSED_VARIABLE = YES;
				IPHONEOS_DEPLOYMENT_TARGET = 5.1;
				SDKROOT = iphoneos;
				TARGETED_DEVICE_FAMILY = "1,2";
			};
			name = Debug;
		};
		58911D99180BB1F9002AD357 /* Release */ = {
			isa = XCBuildConfiguration;
			buildSettings = {
				ALWAYS_SEARCH_USER_PATHS = NO;
				ARCHS = "$(ARCHS_STANDARD_32_BIT)";
				"CODE_SIGN_IDENTITY[sdk=iphoneos*]" = "iPhone Developer";
				COPY_PHASE_STRIP = YES;
				GCC_C_LANGUAGE_STANDARD = gnu99;
				GCC_VERSION = com.apple.compilers.llvm.clang.1_0;
				GCC_WARN_ABOUT_RETURN_TYPE = YES;
				GCC_WARN_UNINITIALIZED_AUTOS = YES;
				GCC_WARN_UNUSED_VARIABLE = YES;
				IPHONEOS_DEPLOYMENT_TARGET = 5.1;
				OTHER_CFLAGS = "-DNS_BLOCK_ASSERTIONS=1";
				SDKROOT = iphoneos;
				TARGETED_DEVICE_FAMILY = "1,2";
				VALIDATE_PRODUCT = YES;
			};
			name = Release;
		};
		58911D9B180BB1F9002AD357 /* Debug */ = {
			isa = XCBuildConfiguration;
			buildSettings = {
				GCC_PRECOMPILE_PREFIX_HEADER = YES;
				GCC_PREFIX_HEADER = "ToDoList/ToDoList-Prefix.pch";
				INFOPLIST_FILE = "ToDoList/ToDoList-Info.plist";
				PRODUCT_NAME = "$(TARGET_NAME)";
				WRAPPER_EXTENSION = app;
			};
			name = Debug;
		};
		58911D9C180BB1F9002AD357 /* Release */ = {
			isa = XCBuildConfiguration;
			buildSettings = {
				GCC_PRECOMPILE_PREFIX_HEADER = YES;
				GCC_PREFIX_HEADER = "ToDoList/ToDoList-Prefix.pch";
				INFOPLIST_FILE = "ToDoList/ToDoList-Info.plist";
				PRODUCT_NAME = "$(TARGET_NAME)";
				WRAPPER_EXTENSION = app;
			};
			name = Release;
		};
/* End XCBuildConfiguration section */

/* Begin XCConfigurationList section */
		58911D7C180BB1F9002AD357 /* Build configuration list for PBXProject "ToDoList" */ = {
			isa = XCConfigurationList;
			buildConfigurations = (
				58911D98180BB1F9002AD357 /* Debug */,
				58911D99180BB1F9002AD357 /* Release */,
			);
			defaultConfigurationIsVisible = 0;
			defaultConfigurationName = Release;
		};
		58911D9A180BB1F9002AD357 /* Build configuration list for PBXNativeTarget "ToDoList" */ = {
			isa = XCConfigurationList;
			buildConfigurations = (
				58911D9B180BB1F9002AD357 /* Debug */,
				58911D9C180BB1F9002AD357 /* Release */,
			);
			defaultConfigurationIsVisible = 0;
		};
/* End XCConfigurationList section */
	};
	rootObject = 58911D79180BB1F9002AD357 /* Project object */;
}
